
Microsoft Visual Studio Solution File, Format Version 12.00
# Visual Studio Version 17
VisualStudioVersion = 17.0.31919.166
MinimumVisualStudioVersion = 10.0.40219.1
Project("{FAE04EC0-301F-11D3-BF4B-00C04F79EFBC}") = "ChatDemoWithSignalR", "ChatDemoWithSignalR\ChatDemoWithSignalR.csproj", "{AE4D81F9-3066-4BFC-BF02-24C07D2E8CA2}"
EndProject
Global
	GlobalSection(SolutionConfigurationPlatforms) = preSolution
		Debug|Any CPU = Debug|Any CPU
		Release|Any CPU = Release|Any CPU
	EndGlobalSection
	GlobalSection(ProjectConfigurationPlatforms) = postSolution
		{AE4D81F9-3066-4BFC-BF02-24C07D2E8CA2}.Debug|Any CPU.ActiveCfg = Debug|Any CPU
		{AE4D81F9-3066-4BFC-BF02-24C07D2E8CA2}.Debug|Any CPU.Build.0 = Debug|Any CPU
		{AE4D81F9-3066-4BFC-BF02-24C07D2E8CA2}.Release|Any CPU.ActiveCfg = Release|Any CPU
		{AE4D81F9-3066-4BFC-BF02-24C07D2E8CA2}.Release|Any CPU.Build.0 = Release|Any CPU
	EndGlobalSection
	GlobalSection(SolutionProperties) = preSolution
		HideSolutionNode = FALSE
	EndGlobalSection
	GlobalSection(ExtensibilityGlobals) = postSolution
		SolutionGuid = {3BEB61DC-BBE9-4D29-9039-2DD4F0669F79}
	EndGlobalSection
EndGlobal
